
Microsoft Visual Studio Solution File, Format Version 12.00
# Visual Studio Version 17
VisualStudioVersion = 17.9.34723.18
MinimumVisualStudioVersion = 10.0.40219.1
Project("{9A19103F-16F7-4668-BE54-9A1E7A4F7556}") = "DotNet_1", "DotNet_1\DotNet_1.csproj", "{2648BEA6-F417-4EDC-B4A2-BF3F81236EEC}"
EndProject
Project("{FAE04EC0-301F-11D3-BF4B-00C04F79EFBC}") = "Razor_Web", "Razor_Web\Razor_Web.csproj", "{EB21C513-6773-4815-9C68-927BE9F304D3}"
EndProject
Global
	GlobalSection(SolutionConfigurationPlatforms) = preSolution
		Debug|Any CPU = Debug|Any CPU
		Release|Any CPU = Release|Any CPU
	EndGlobalSection
	GlobalSection(ProjectConfigurationPlatforms) = postSolution
		{2648BEA6-F417-4EDC-B4A2-BF3F81236EEC}.Debug|Any CPU.ActiveCfg = Debug|Any CPU
		{2648BEA6-F417-4EDC-B4A2-BF3F81236EEC}.Debug|Any CPU.Build.0 = Debug|Any CPU
		{2648BEA6-F417-4EDC-B4A2-BF3F81236EEC}.Release|Any CPU.ActiveCfg = Release|Any CPU
		{2648BEA6-F417-4EDC-B4A2-BF3F81236EEC}.Release|Any CPU.Build.0 = Release|Any CPU
		{EB21C513-6773-4815-9C68-927BE9F304D3}.Debug|Any CPU.ActiveCfg = Debug|Any CPU
		{EB21C513-6773-4815-9C68-927BE9F304D3}.Debug|Any CPU.Build.0 = Debug|Any CPU
		{EB21C513-6773-4815-9C68-927BE9F304D3}.Release|Any CPU.ActiveCfg = Release|Any CPU
		{EB21C513-6773-4815-9C68-927BE9F304D3}.Release|Any CPU.Build.0 = Release|Any CPU
	EndGlobalSection
	GlobalSection(SolutionProperties) = preSolution
		HideSolutionNode = FALSE
	EndGlobalSection
	GlobalSection(ExtensibilityGlobals) = postSolution
		SolutionGuid = {1029DF41-706C-42E2-96B5-1D389332C63B}
	EndGlobalSection
EndGlobal
